{
  "name": "consumer",
  "lockfileVersion": 3,
  "requires": true,
  "packages": {
    "": {
      "dependencies": {
        "package-with-net": "file:../package-with-net"
      }
    },
    "../package-with-net": {
      "version": "0.0.1",
      "bin": {
        "request": "request.js"
      }
    },
    "node_modules/package-with-net": {
      "resolved": "../package-with-net",
      "link": true
    }
  }
}
